
Microsoft Visual Studio Solution File, Format Version 12.00
# Visual Studio Version 17
VisualStudioVersion = 17.0.32126.317
MinimumVisualStudioVersion = 10.0.40219.1
Project("{9A19103F-16F7-4668-BE54-9A1E7A4F7556}") = "SimvestFun.ApplicationCore", "SimvestFun.ApplicationCore\SimvestFun.ApplicationCore.csproj", "{C2FB6195-E52C-46F2-A7B0-8FC3B84BC84A}"
EndProject
Project("{9A19103F-16F7-4668-BE54-9A1E7A4F7556}") = "SimvestFun.Infrastructure", "SimvestFun.Infrastructure\SimvestFun.Infrastructure.csproj", "{E8B1A1D1-4EAA-4CB3-8B19-4FB42D884708}"
EndProject
Project("{9A19103F-16F7-4668-BE54-9A1E7A4F7556}") = "SimvestFun.API", "SimvestFun.API\SimvestFun.API.csproj", "{47449A4A-FA7D-4F8A-8239-01BA74834EC4}"
EndProject
Global
	GlobalSection(SolutionConfigurationPlatforms) = preSolution
		Debug|Any CPU = Debug|Any CPU
		Release|Any CPU = Release|Any CPU
	EndGlobalSection
	GlobalSection(ProjectConfigurationPlatforms) = postSolution
		{C2FB6195-E52C-46F2-A7B0-8FC3B84BC84A}.Debug|Any CPU.ActiveCfg = Debug|Any CPU
		{C2FB6195-E52C-46F2-A7B0-8FC3B84BC84A}.Debug|Any CPU.Build.0 = Debug|Any CPU
		{C2FB6195-E52C-46F2-A7B0-8FC3B84BC84A}.Release|Any CPU.ActiveCfg = Release|Any CPU
		{C2FB6195-E52C-46F2-A7B0-8FC3B84BC84A}.Release|Any CPU.Build.0 = Release|Any CPU
		{E8B1A1D1-4EAA-4CB3-8B19-4FB42D884708}.Debug|Any CPU.ActiveCfg = Debug|Any CPU
		{E8B1A1D1-4EAA-4CB3-8B19-4FB42D884708}.Debug|Any CPU.Build.0 = Debug|Any CPU
		{E8B1A1D1-4EAA-4CB3-8B19-4FB42D884708}.Release|Any CPU.ActiveCfg = Release|Any CPU
		{E8B1A1D1-4EAA-4CB3-8B19-4FB42D884708}.Release|Any CPU.Build.0 = Release|Any CPU
		{47449A4A-FA7D-4F8A-8239-01BA74834EC4}.Debug|Any CPU.ActiveCfg = Debug|Any CPU
		{47449A4A-FA7D-4F8A-8239-01BA74834EC4}.Debug|Any CPU.Build.0 = Debug|Any CPU
		{47449A4A-FA7D-4F8A-8239-01BA74834EC4}.Release|Any CPU.ActiveCfg = Release|Any CPU
		{47449A4A-FA7D-4F8A-8239-01BA74834EC4}.Release|Any CPU.Build.0 = Release|Any CPU
	EndGlobalSection
	GlobalSection(SolutionProperties) = preSolution
		HideSolutionNode = FALSE
	EndGlobalSection
	GlobalSection(ExtensibilityGlobals) = postSolution
		SolutionGuid = {C4DAC0C3-BBC1-457E-AD81-6480198977F5}
	EndGlobalSection
EndGlobal
